<?xml version="1.0" encoding="utf-8"?>
<Project ToolsVersion="4.0" xmlns="http://schemas.microsoft.com/developer/msbuild/2003">
  <ItemGroup>
    <Filter Include="Source Files">
      <UniqueIdentifier>{4FC737F1-C7A5-4376-A066-2A32D752A2FF}</UniqueIdentifier>
      <Extensions>cpp;c;cc;cxx;c++;cppm;ixx;def;odl;idl;hpj;bat;asm;asmx</Extensions>
    </Filter>
    <Filter Include="generated">
      <UniqueIdentifier>{a5808f19-8772-4a2a-88f5-011639ca7668}</UniqueIdentifier>
    </Filter>
  </ItemGroup>
  <ItemGroup>
    <ClCompile Include="..\generated\number.grpc.pb.cc">
      <Filter>generated</Filter>
    </ClCompile>
    <ClCompile Include="..\generated\number.pb.cc">
      <Filter>generated</Filter>
    </ClCompile>
    <ClCompile Include="FizzBuzzClient.cpp">
      <Filter>Source Files</Filter>
    </ClCompile>
  </ItemGroup>
  <ItemGroup>
    <ClInclude Include="..\generated\number.grpc.pb.h">
      <Filter>generated</Filter>
    </ClInclude>
    <ClInclude Include="..\generated\number.pb.h">
      <Filter>generated</Filter>
    </ClInclude>
    <ClInclude Include="FizzBuzzClient.h">
      <Filter>Source Files</Filter>
    </ClInclude>
  </ItemGroup>
</Project>